
Microsoft Visual Studio Solution File, Format Version 12.00
# Visual Studio Version 17
VisualStudioVersion = 17.10.35027.167
MinimumVisualStudioVersion = 10.0.40219.1
Project("{FAE04EC0-301F-11D3-BF4B-00C04F79EFBC}") = "Arrays", "Arrays\Arrays.csproj", "{C8E645D9-81F5-430E-9F8D-95CCB7122234}"
EndProject
Global
	GlobalSection(SolutionConfigurationPlatforms) = preSolution
		Debug|Any CPU = Debug|Any CPU
		Release|Any CPU = Release|Any CPU
	EndGlobalSection
	GlobalSection(ProjectConfigurationPlatforms) = postSolution
		{C8E645D9-81F5-430E-9F8D-95CCB7122234}.Debug|Any CPU.ActiveCfg = Debug|Any CPU
		{C8E645D9-81F5-430E-9F8D-95CCB7122234}.Debug|Any CPU.Build.0 = Debug|Any CPU
		{C8E645D9-81F5-430E-9F8D-95CCB7122234}.Release|Any CPU.ActiveCfg = Release|Any CPU
		{C8E645D9-81F5-430E-9F8D-95CCB7122234}.Release|Any CPU.Build.0 = Release|Any CPU
	EndGlobalSection
	GlobalSection(SolutionProperties) = preSolution
		HideSolutionNode = FALSE
	EndGlobalSection
	GlobalSection(ExtensibilityGlobals) = postSolution
		SolutionGuid = {362D0F82-942C-40FA-B8FF-61FA1DF11FC5}
	EndGlobalSection
EndGlobal
