
Microsoft Visual Studio Solution File, Format Version 12.00
# Visual Studio Version 17
VisualStudioVersion = 17.10.35027.167
MinimumVisualStudioVersion = 10.0.40219.1
Project("{FAE04EC0-301F-11D3-BF4B-00C04F79EFBC}") = "Lists 2", "Lists 2\Lists 2.csproj", "{1800688B-09F3-4ED1-9887-DEF2779E716D}"
EndProject
Global
	GlobalSection(SolutionConfigurationPlatforms) = preSolution
		Debug|Any CPU = Debug|Any CPU
		Release|Any CPU = Release|Any CPU
	EndGlobalSection
	GlobalSection(ProjectConfigurationPlatforms) = postSolution
		{1800688B-09F3-4ED1-9887-DEF2779E716D}.Debug|Any CPU.ActiveCfg = Debug|Any CPU
		{1800688B-09F3-4ED1-9887-DEF2779E716D}.Debug|Any CPU.Build.0 = Debug|Any CPU
		{1800688B-09F3-4ED1-9887-DEF2779E716D}.Release|Any CPU.ActiveCfg = Release|Any CPU
		{1800688B-09F3-4ED1-9887-DEF2779E716D}.Release|Any CPU.Build.0 = Release|Any CPU
	EndGlobalSection
	GlobalSection(SolutionProperties) = preSolution
		HideSolutionNode = FALSE
	EndGlobalSection
	GlobalSection(ExtensibilityGlobals) = postSolution
		SolutionGuid = {6F09CC6F-7FA4-42AE-BBAA-0444C49F3325}
	EndGlobalSection
EndGlobal
